
Microsoft Visual Studio Solution File, Format Version 12.00
# Visual Studio Version 17
VisualStudioVersion = 17.6.33801.468
MinimumVisualStudioVersion = 10.0.40219.1
Project("{FAE04EC0-301F-11D3-BF4B-00C04F79EFBC}") = "MathInterface", "MathInterface\MathInterface.csproj", "{49DDA10C-8EE2-487C-8CFA-869DA811371B}"
EndProject
Global
	GlobalSection(SolutionConfigurationPlatforms) = preSolution
		Debug|Any CPU = Debug|Any CPU
		Release|Any CPU = Release|Any CPU
	EndGlobalSection
	GlobalSection(ProjectConfigurationPlatforms) = postSolution
		{49DDA10C-8EE2-487C-8CFA-869DA811371B}.Debug|Any CPU.ActiveCfg = Debug|Any CPU
		{49DDA10C-8EE2-487C-8CFA-869DA811371B}.Debug|Any CPU.Build.0 = Debug|Any CPU
		{49DDA10C-8EE2-487C-8CFA-869DA811371B}.Release|Any CPU.ActiveCfg = Release|Any CPU
		{49DDA10C-8EE2-487C-8CFA-869DA811371B}.Release|Any CPU.Build.0 = Release|Any CPU
	EndGlobalSection
	GlobalSection(SolutionProperties) = preSolution
		HideSolutionNode = FALSE
	EndGlobalSection
	GlobalSection(ExtensibilityGlobals) = postSolution
		SolutionGuid = {CF4D0786-282B-4149-A34E-D1D212B547B9}
	EndGlobalSection
EndGlobal
